// !$*UTF8*$!
{
	archiveVersion = 1;
	classes = {
	};
	objectVersion = 52;
	objects = {

/* Begin PBXBuildFile section */
		5CBEBF6C24C71E0D00BA4F64 /* AppDelegate.swift in Sources */ = {isa = PBXBuildFile; fileRef = 5CBEBF6B24C71E0D00BA4F64 /* AppDelegate.swift */; };
		5CBEBF6E24C71E0D00BA4F64 /* SceneDelegate.swift in Sources */ = {isa = PBXBuildFile; fileRef = 5CBEBF6D24C71E0D00BA4F64 /* SceneDelegate.swift */; };
		5CBEBF7024C71E0D00BA4F64 /* ContentView.swift in Sources */ = {isa = PBXBuildFile; fileRef = 5CBEBF6F24C71E0D00BA4F64 /* ContentView.swift */; };
		5CBEBF7224C71E0F00BA4F64 /* Assets.xcassets in Resources */ = {isa = PBXBuildFile; fileRef = 5CBEBF7124C71E0F00BA4F64 /* Assets.xcassets */; };
		5CBEBF7524C71E0F00BA4F64 /* Preview Assets.xcassets in Resources */ = {isa = PBXBuildFile; fileRef = 5CBEBF7424C71E0F00BA4F64 /* Preview Assets.xcassets */; };
		5CBEBF7824C71E0F00BA4F64 /* LaunchScreen.storyboard in Resources */ = {isa = PBXBuildFile; fileRef = 5CBEBF7624C71E0F00BA4F64 /* LaunchScreen.storyboard */; };
		5CBEBF8324C71E0F00BA4F64 /* yallaDealzTests.swift in Sources */ = {isa = PBXBuildFile; fileRef = 5CBEBF8224C71E0F00BA4F64 /* yallaDealzTests.swift */; };
		5CBEBF8E24C721A100BA4F64 /* ChannelsViewModel.swift in Sources */ = {isa = PBXBuildFile; fileRef = 5CBEBF8D24C721A100BA4F64 /* ChannelsViewModel.swift */; };
		5CBEBF9024C7225100BA4F64 /* Youtubeable.swift in Sources */ = {isa = PBXBuildFile; fileRef = 5CBEBF8F24C7225100BA4F64 /* Youtubeable.swift */; };
		5CBEBF9224C722B700BA4F64 /* YoutubeAPI.swift in Sources */ = {isa = PBXBuildFile; fileRef = 5CBEBF9124C722B700BA4F64 /* YoutubeAPI.swift */; };
		5CBEBF9424C7230000BA4F64 /* YoutubeChannel.swift in Sources */ = {isa = PBXBuildFile; fileRef = 5CBEBF9324C7230000BA4F64 /* YoutubeChannel.swift */; };
		5CBEBF9624C7256D00BA4F64 /* YoutubeErros.swift in Sources */ = {isa = PBXBuildFile; fileRef = 5CBEBF9524C7256D00BA4F64 /* YoutubeErros.swift */; };
		5CBEBF9824C72EA400BA4F64 /* General Youtube Channel.swift in Sources */ = {isa = PBXBuildFile; fileRef = 5CBEBF9724C72EA400BA4F64 /* General Youtube Channel.swift */; };
		5CBEBF9B24C7307300BA4F64 /* URLImage in Frameworks */ = {isa = PBXBuildFile; productRef = 5CBEBF9A24C7307300BA4F64 /* URLImage */; };
		E6F665D4617DE2C40AB44495 /* Pods_yallaDealz.framework in Frameworks */ = {isa = PBXBuildFile; fileRef = A1078DA53D14558C62810300 /* Pods_yallaDealz.framework */; };
		EC47EC728DAFB853F20C0143 /* Pods_yallaDealzTests.framework in Frameworks */ = {isa = PBXBuildFile; fileRef = 8715E79A1B137CA556CBDD8F /* Pods_yallaDealzTests.framework */; };
/* End PBXBuildFile section */

/* Begin PBXContainerItemProxy section */
		5CBEBF7F24C71E0F00BA4F64 /* PBXContainerItemProxy */ = {
			isa = PBXContainerItemProxy;
			containerPortal = 5CBEBF6024C71E0D00BA4F64 /* Project object */;
			proxyType = 1;
			remoteGlobalIDString = 5CBEBF6724C71E0D00BA4F64;
			remoteInfo = yallaDealz;
		};
/* End PBXContainerItemProxy section */

/* Begin PBXFileReference section */
		36D53497BF81E8B5B404133F /* Pods-yallaDealz.release.xcconfig */ = {isa = PBXFileReference; includeInIndex = 1; lastKnownFileType = text.xcconfig; name = "Pods-yallaDealz.release.xcconfig"; path = "Target Support Files/Pods-yallaDealz/Pods-yallaDealz.release.xcconfig"; sourceTree = "<group>"; };
		409A9D5F2B8B7076DB5796FF /* Pods-yallaDealzTests.release.xcconfig */ = {isa = PBXFileReference; includeInIndex = 1; lastKnownFileType = text.xcconfig; name = "Pods-yallaDealzTests.release.xcconfig"; path = "Target Support Files/Pods-yallaDealzTests/Pods-yallaDealzTests.release.xcconfig"; sourceTree = "<group>"; };
		5CBEBF6824C71E0D00BA4F64 /* yallaDealz.app */ = {isa = PBXFileReference; explicitFileType = wrapper.application; includeInIndex = 0; path = yallaDealz.app; sourceTree = BUILT_PRODUCTS_DIR; };
		5CBEBF6B24C71E0D00BA4F64 /* AppDelegate.swift */ = {isa = PBXFileReference; lastKnownFileType = sourcecode.swift; path = AppDelegate.swift; sourceTree = "<group>"; };
		5CBEBF6D24C71E0D00BA4F64 /* SceneDelegate.swift */ = {isa = PBXFileReference; lastKnownFileType = sourcecode.swift; path = SceneDelegate.swift; sourceTree = "<group>"; };
		5CBEBF6F24C71E0D00BA4F64 /* ContentView.swift */ = {isa = PBXFileReference; lastKnownFileType = sourcecode.swift; path = ContentView.swift; sourceTree = "<group>"; };
		5CBEBF7124C71E0F00BA4F64 /* Assets.xcassets */ = {isa = PBXFileReference; lastKnownFileType = folder.assetcatalog; path = Assets.xcassets; sourceTree = "<group>"; };
		5CBEBF7424C71E0F00BA4F64 /* Preview Assets.xcassets */ = {isa = PBXFileReference; lastKnownFileType = folder.assetcatalog; path = "Preview Assets.xcassets"; sourceTree = "<group>"; };
		5CBEBF7724C71E0F00BA4F64 /* Base */ = {isa = PBXFileReference; lastKnownFileType = file.storyboard; name = Base; path = Base.lproj/LaunchScreen.storyboard; sourceTree = "<group>"; };
		5CBEBF7924C71E0F00BA4F64 /* Info.plist */ = {isa = PBXFileReference; lastKnownFileType = text.plist.xml; path = Info.plist; sourceTree = "<group>"; };
		5CBEBF7E24C71E0F00BA4F64 /* yallaDealzTests.xctest */ = {isa = PBXFileReference; explicitFileType = wrapper.cfbundle; includeInIndex = 0; path = yallaDealzTests.xctest; sourceTree = BUILT_PRODUCTS_DIR; };
		5CBEBF8224C71E0F00BA4F64 /* yallaDealzTests.swift */ = {isa = PBXFileReference; lastKnownFileType = sourcecode.swift; path = yallaDealzTests.swift; sourceTree = "<group>"; };
		5CBEBF8424C71E0F00BA4F64 /* Info.plist */ = {isa = PBXFileReference; lastKnownFileType = text.plist.xml; path = Info.plist; sourceTree = "<group>"; };
		5CBEBF8D24C721A100BA4F64 /* ChannelsViewModel.swift */ = {isa = PBXFileReference; lastKnownFileType = sourcecode.swift; path = ChannelsViewModel.swift; sourceTree = "<group>"; };
		5CBEBF8F24C7225100BA4F64 /* Youtubeable.swift */ = {isa = PBXFileReference; lastKnownFileType = sourcecode.swift; path = Youtubeable.swift; sourceTree = "<group>"; };
		5CBEBF9124C722B700BA4F64 /* YoutubeAPI.swift */ = {isa = PBXFileReference; lastKnownFileType = sourcecode.swift; path = YoutubeAPI.swift; sourceTree = "<group>"; };
		5CBEBF9324C7230000BA4F64 /* YoutubeChannel.swift */ = {isa = PBXFileReference; lastKnownFileType = sourcecode.swift; path = YoutubeChannel.swift; sourceTree = "<group>"; };
		5CBEBF9524C7256D00BA4F64 /* YoutubeErros.swift */ = {isa = PBXFileReference; lastKnownFileType = sourcecode.swift; path = YoutubeErros.swift; sourceTree = "<group>"; };
		5CBEBF9724C72EA400BA4F64 /* General Youtube Channel.swift */ = {isa = PBXFileReference; lastKnownFileType = sourcecode.swift; path = "General Youtube Channel.swift"; sourceTree = "<group>"; };
		71B1314690F49A18FED84B8D /* Pods-yallaDealz.debug.xcconfig */ = {isa = PBXFileReference; includeInIndex = 1; lastKnownFileType = text.xcconfig; name = "Pods-yallaDealz.debug.xcconfig"; path = "Target Support Files/Pods-yallaDealz/Pods-yallaDealz.debug.xcconfig"; sourceTree = "<group>"; };
		8715E79A1B137CA556CBDD8F /* Pods_yallaDealzTests.framework */ = {isa = PBXFileReference; explicitFileType = wrapper.framework; includeInIndex = 0; path = Pods_yallaDealzTests.framework; sourceTree = BUILT_PRODUCTS_DIR; };
		9D2026719FBB4FF8FD63380C /* Pods-yallaDealzTests.debug.xcconfig */ = {isa = PBXFileReference; includeInIndex = 1; lastKnownFileType = text.xcconfig; name = "Pods-yallaDealzTests.debug.xcconfig"; path = "Target Support Files/Pods-yallaDealzTests/Pods-yallaDealzTests.debug.xcconfig"; sourceTree = "<group>"; };
		A1078DA53D14558C62810300 /* Pods_yallaDealz.framework */ = {isa = PBXFileReference; explicitFileType = wrapper.framework; includeInIndex = 0; path = Pods_yallaDealz.framework; sourceTree = BUILT_PRODUCTS_DIR; };
/* End PBXFileReference section */

/* Begin PBXFrameworksBuildPhase section */
		5CBEBF6524C71E0D00BA4F64 /* Frameworks */ = {
			isa = PBXFrameworksBuildPhase;
			buildActionMask = 2147483647;
			files = (
				5CBEBF9B24C7307300BA4F64 /* URLImage in Frameworks */,
				E6F665D4617DE2C40AB44495 /* Pods_yallaDealz.framework in Frameworks */,
			);
			runOnlyForDeploymentPostprocessing = 0;
		};
		5CBEBF7B24C71E0F00BA4F64 /* Frameworks */ = {
			isa = PBXFrameworksBuildPhase;
			buildActionMask = 2147483647;
			files = (
				EC47EC728DAFB853F20C0143 /* Pods_yallaDealzTests.framework in Frameworks */,
			);
			runOnlyForDeploymentPostprocessing = 0;
		};
/* End PBXFrameworksBuildPhase section */

/* Begin PBXGroup section */
		5CBEBF5F24C71E0D00BA4F64 = {
			isa = PBXGroup;
			children = (
				5CBEBF6A24C71E0D00BA4F64 /* yallaDealz */,
				5CBEBF8124C71E0F00BA4F64 /* yallaDealzTests */,
				5CBEBF6924C71E0D00BA4F64 /* Products */,
				E28B4F52E9A3CBC8E39F49B3 /* Pods */,
				6E752C498F55E9262CFEA432 /* Frameworks */,
			);
			sourceTree = "<group>";
		};
		5CBEBF6924C71E0D00BA4F64 /* Products */ = {
			isa = PBXGroup;
			children = (
				5CBEBF6824C71E0D00BA4F64 /* yallaDealz.app */,
				5CBEBF7E24C71E0F00BA4F64 /* yallaDealzTests.xctest */,
			);
			name = Products;
			sourceTree = "<group>";
		};
		5CBEBF6A24C71E0D00BA4F64 /* yallaDealz */ = {
			isa = PBXGroup;
			children = (
				5CBEBF6B24C71E0D00BA4F64 /* AppDelegate.swift */,
				5CBEBF6D24C71E0D00BA4F64 /* SceneDelegate.swift */,
				5CBEBF6F24C71E0D00BA4F64 /* ContentView.swift */,
				5CBEBF8D24C721A100BA4F64 /* ChannelsViewModel.swift */,
				5CBEBF8F24C7225100BA4F64 /* Youtubeable.swift */,
				5CBEBF9524C7256D00BA4F64 /* YoutubeErros.swift */,
				5CBEBF9124C722B700BA4F64 /* YoutubeAPI.swift */,
				5CBEBF9724C72EA400BA4F64 /* General Youtube Channel.swift */,
				5CBEBF9324C7230000BA4F64 /* YoutubeChannel.swift */,
				5CBEBF7124C71E0F00BA4F64 /* Assets.xcassets */,
				5CBEBF7624C71E0F00BA4F64 /* LaunchScreen.storyboard */,
				5CBEBF7924C71E0F00BA4F64 /* Info.plist */,
				5CBEBF7324C71E0F00BA4F64 /* Preview Content */,
			);
			path = yallaDealz;
			sourceTree = "<group>";
		};
		5CBEBF7324C71E0F00BA4F64 /* Preview Content */ = {
			isa = PBXGroup;
			children = (
				5CBEBF7424C71E0F00BA4F64 /* Preview Assets.xcassets */,
			);
			path = "Preview Content";
			sourceTree = "<group>";
		};
		5CBEBF8124C71E0F00BA4F64 /* yallaDealzTests */ = {
			isa = PBXGroup;
			children = (
				5CBEBF8224C71E0F00BA4F64 /* yallaDealzTests.swift */,
				5CBEBF8424C71E0F00BA4F64 /* Info.plist */,
			);
			path = yallaDealzTests;
			sourceTree = "<group>";
		};
		6E752C498F55E9262CFEA432 /* Frameworks */ = {
			isa = PBXGroup;
			children = (
				A1078DA53D14558C62810300 /* Pods_yallaDealz.framework */,
				8715E79A1B137CA556CBDD8F /* Pods_yallaDealzTests.framework */,
			);
			name = Frameworks;
			sourceTree = "<group>";
		};
		E28B4F52E9A3CBC8E39F49B3 /* Pods */ = {
			isa = PBXGroup;
			children = (
				71B1314690F49A18FED84B8D /* Pods-yallaDealz.debug.xcconfig */,
				36D53497BF81E8B5B404133F /* Pods-yallaDealz.release.xcconfig */,
				9D2026719FBB4FF8FD63380C /* Pods-yallaDealzTests.debug.xcconfig */,
				409A9D5F2B8B7076DB5796FF /* Pods-yallaDealzTests.release.xcconfig */,
			);
			path = Pods;
			sourceTree = "<group>";
		};
/* End PBXGroup section */

/* Begin PBXNativeTarget section */
		5CBEBF6724C71E0D00BA4F64 /* yallaDealz */ = {
			isa = PBXNativeTarget;
			buildConfigurationList = 5CBEBF8724C71E0F00BA4F64 /* Build configuration list for PBXNativeTarget "yallaDealz" */;
			buildPhases = (
				E28C1C0D98BA49EB1B84B97B /* [CP] Check Pods Manifest.lock */,
				5CBEBF6424C71E0D00BA4F64 /* Sources */,
				5CBEBF6524C71E0D00BA4F64 /* Frameworks */,
				5CBEBF6624C71E0D00BA4F64 /* Resources */,
				0C6931646832356F45E16558 /* [CP] Embed Pods Frameworks */,
			);
			buildRules = (
			);
			dependencies = (
			);
			name = yallaDealz;
			packageProductDependencies = (
				5CBEBF9A24C7307300BA4F64 /* URLImage */,
			);
			productName = yallaDealz;
			productReference = 5CBEBF6824C71E0D00BA4F64 /* yallaDealz.app */;
			productType = "com.apple.product-type.application";
		};
		5CBEBF7D24C71E0F00BA4F64 /* yallaDealzTests */ = {
			isa = PBXNativeTarget;
			buildConfigurationList = 5CBEBF8A24C71E0F00BA4F64 /* Build configuration list for PBXNativeTarget "yallaDealzTests" */;
			buildPhases = (
				4309B500E5E38F133EC596DE /* [CP] Check Pods Manifest.lock */,
				5CBEBF7A24C71E0F00BA4F64 /* Sources */,
				5CBEBF7B24C71E0F00BA4F64 /* Frameworks */,
				5CBEBF7C24C71E0F00BA4F64 /* Resources */,
			);
			buildRules = (
			);
			dependencies = (
				5CBEBF8024C71E0F00BA4F64 /* PBXTargetDependency */,
			);
			name = yallaDealzTests;
			productName = yallaDealzTests;
			productReference = 5CBEBF7E24C71E0F00BA4F64 /* yallaDealzTests.xctest */;
			productType = "com.apple.product-type.bundle.unit-test";
		};
/* End PBXNativeTarget section */

/* Begin PBXProject section */
		5CBEBF6024C71E0D00BA4F64 /* Project object */ = {
			isa = PBXProject;
			attributes = {
				LastSwiftUpdateCheck = 1150;
				LastUpgradeCheck = 1150;
				ORGANIZATIONNAME = mostfaE;
				TargetAttributes = {
					5CBEBF6724C71E0D00BA4F64 = {
						CreatedOnToolsVersion = 11.5;
					};
					5CBEBF7D24C71E0F00BA4F64 = {
						CreatedOnToolsVersion = 11.5;
						TestTargetID = 5CBEBF6724C71E0D00BA4F64;
					};
				};
			};
			buildConfigurationList = 5CBEBF6324C71E0D00BA4F64 /* Build configuration list for PBXProject "yallaDealz" */;
			compatibilityVersion = "Xcode 9.3";
			developmentRegion = en;
			hasScannedForEncodings = 0;
			knownRegions = (
				en,
				Base,
			);
			mainGroup = 5CBEBF5F24C71E0D00BA4F64;
			packageReferences = (
				5CBEBF9924C7307300BA4F64 /* XCRemoteSwiftPackageReference "url-image" */,
			);
			productRefGroup = 5CBEBF6924C71E0D00BA4F64 /* Products */;
			projectDirPath = "";
			projectRoot = "";
			targets = (
				5CBEBF6724C71E0D00BA4F64 /* yallaDealz */,
				5CBEBF7D24C71E0F00BA4F64 /* yallaDealzTests */,
			);
		};
/* End PBXProject section */

/* Begin PBXResourcesBuildPhase section */
		5CBEBF6624C71E0D00BA4F64 /* Resources */ = {
			isa = PBXResourcesBuildPhase;
			buildActionMask = 2147483647;
			files = (
				5CBEBF7824C71E0F00BA4F64 /* LaunchScreen.storyboard in Resources */,
				5CBEBF7524C71E0F00BA4F64 /* Preview Assets.xcassets in Resources */,
				5CBEBF7224C71E0F00BA4F64 /* Assets.xcassets in Resources */,
			);
			runOnlyForDeploymentPostprocessing = 0;
		};
		5CBEBF7C24C71E0F00BA4F64 /* Resources */ = {
			isa = PBXResourcesBuildPhase;
			buildActionMask = 2147483647;
			files = (
			);
			runOnlyForDeploymentPostprocessing = 0;
		};
/* End PBXResourcesBuildPhase section */

/* Begin PBXShellScriptBuildPhase section */
		0C6931646832356F45E16558 /* [CP] Embed Pods Frameworks */ = {
			isa = PBXShellScriptBuildPhase;
			buildActionMask = 2147483647;
			files = (
			);
			inputFileListPaths = (
				"${PODS_ROOT}/Target Support Files/Pods-yallaDealz/Pods-yallaDealz-frameworks-${CONFIGURATION}-input-files.xcfilelist",
			);
			name = "[CP] Embed Pods Frameworks";
			outputFileListPaths = (
				"${PODS_ROOT}/Target Support Files/Pods-yallaDealz/Pods-yallaDealz-frameworks-${CONFIGURATION}-output-files.xcfilelist",
			);
			runOnlyForDeploymentPostprocessing = 0;
			shellPath = /bin/sh;
			shellScript = "\"${PODS_ROOT}/Target Support Files/Pods-yallaDealz/Pods-yallaDealz-frameworks.sh\"\n";
			showEnvVarsInLog = 0;
		};
		4309B500E5E38F133EC596DE /* [CP] Check Pods Manifest.lock */ = {
			isa = PBXShellScriptBuildPhase;
			buildActionMask = 2147483647;
			files = (
			);
			inputFileListPaths = (
			);
			inputPaths = (
				"${PODS_PODFILE_DIR_PATH}/Podfile.lock",
				"${PODS_ROOT}/Manifest.lock",
			);
			name = "[CP] Check Pods Manifest.lock";
			outputFileListPaths = (
			);
			outputPaths = (
				"$(DERIVED_FILE_DIR)/Pods-yallaDealzTests-checkManifestLockResult.txt",
			);
			runOnlyForDeploymentPostprocessing = 0;
			shellPath = /bin/sh;
			shellScript = "diff \"${PODS_PODFILE_DIR_PATH}/Podfile.lock\" \"${PODS_ROOT}/Manifest.lock\" > /dev/null\nif [ $? != 0 ] ; then\n    # print error to STDERR\n    echo \"error: The sandbox is not in sync with the Podfile.lock. Run 'pod install' or update your CocoaPods installation.\" >&2\n    exit 1\nfi\n# This output is used by Xcode 'outputs' to avoid re-running this script phase.\necho \"SUCCESS\" > \"${SCRIPT_OUTPUT_FILE_0}\"\n";
			showEnvVarsInLog = 0;
		};
		E28C1C0D98BA49EB1B84B97B /* [CP] Check Pods Manifest.lock */ = {
			isa = PBXShellScriptBuildPhase;
			buildActionMask = 2147483647;
			files = (
			);
			inputFileListPaths = (
			);
			inputPaths = (
				"${PODS_PODFILE_DIR_PATH}/Podfile.lock",
				"${PODS_ROOT}/Manifest.lock",
			);
			name = "[CP] Check Pods Manifest.lock";
			outputFileListPaths = (
			);
			outputPaths = (
				"$(DERIVED_FILE_DIR)/Pods-yallaDealz-checkManifestLockResult.txt",
			);
			runOnlyForDeploymentPostprocessing = 0;
			shellPath = /bin/sh;
			shellScript = "diff \"${PODS_PODFILE_DIR_PATH}/Podfile.lock\" \"${PODS_ROOT}/Manifest.lock\" > /dev/null\nif [ $? != 0 ] ; then\n    # print error to STDERR\n    echo \"error: The sandbox is not in sync with the Podfile.lock. Run 'pod install' or update your CocoaPods installation.\" >&2\n    exit 1\nfi\n# This output is used by Xcode 'outputs' to avoid re-running this script phase.\necho \"SUCCESS\" > \"${SCRIPT_OUTPUT_FILE_0}\"\n";
			showEnvVarsInLog = 0;
		};
/* End PBXShellScriptBuildPhase section */

/* Begin PBXSourcesBuildPhase section */
		5CBEBF6424C71E0D00BA4F64 /* Sources */ = {
			isa = PBXSourcesBuildPhase;
			buildActionMask = 2147483647;
			files = (
				5CBEBF9224C722B700BA4F64 /* YoutubeAPI.swift in Sources */,
				5CBEBF6C24C71E0D00BA4F64 /* AppDelegate.swift in Sources */,
				5CBEBF9024C7225100BA4F64 /* Youtubeable.swift in Sources */,
				5CBEBF6E24C71E0D00BA4F64 /* SceneDelegate.swift in Sources */,
				5CBEBF8E24C721A100BA4F64 /* ChannelsViewModel.swift in Sources */,
				5CBEBF9824C72EA400BA4F64 /* General Youtube Channel.swift in Sources */,
				5CBEBF9624C7256D00BA4F64 /* YoutubeErros.swift in Sources */,
				5CBEBF7024C71E0D00BA4F64 /* ContentView.swift in Sources */,
				5CBEBF9424C7230000BA4F64 /* YoutubeChannel.swift in Sources */,
			);
			runOnlyForDeploymentPostprocessing = 0;
		};
		5CBEBF7A24C71E0F00BA4F64 /* Sources */ = {
			isa = PBXSourcesBuildPhase;
			buildActionMask = 2147483647;
			files = (
				5CBEBF8324C71E0F00BA4F64 /* yallaDealzTests.swift in Sources */,
			);
			runOnlyForDeploymentPostprocessing = 0;
		};
/* End PBXSourcesBuildPhase section */

/* Begin PBXTargetDependency section */
		5CBEBF8024C71E0F00BA4F64 /* PBXTargetDependency */ = {
			isa = PBXTargetDependency;
			target = 5CBEBF6724C71E0D00BA4F64 /* yallaDealz */;
			targetProxy = 5CBEBF7F24C71E0F00BA4F64 /* PBXContainerItemProxy */;
		};
/* End PBXTargetDependency section */

/* Begin PBXVariantGroup section */
		5CBEBF7624C71E0F00BA4F64 /* LaunchScreen.storyboard */ = {
			isa = PBXVariantGroup;
			children = (
				5CBEBF7724C71E0F00BA4F64 /* Base */,
			);
			name = LaunchScreen.storyboard;
			sourceTree = "<group>";
		};
/* End PBXVariantGroup section */

/* Begin XCBuildConfiguration section */
		5CBEBF8524C71E0F00BA4F64 /* Debug */ = {
			isa = XCBuildConfiguration;
			buildSettings = {
				ALWAYS_SEARCH_USER_PATHS = NO;
				CLANG_ANALYZER_NONNULL = YES;
				CLANG_ANALYZER_NUMBER_OBJECT_CONVERSION = YES_AGGRESSIVE;
				CLANG_CXX_LANGUAGE_STANDARD = "gnu++14";
				CLANG_CXX_LIBRARY = "libc++";
				CLANG_ENABLE_MODULES = YES;
				CLANG_ENABLE_OBJC_ARC = YES;
				CLANG_ENABLE_OBJC_WEAK = YES;
				CLANG_WARN_BLOCK_CAPTURE_AUTORELEASING = YES;
				CLANG_WARN_BOOL_CONVERSION = YES;
				CLANG_WARN_COMMA = YES;
				CLANG_WARN_CONSTANT_CONVERSION = YES;
				CLANG_WARN_DEPRECATED_OBJC_IMPLEMENTATIONS = YES;
				CLANG_WARN_DIRECT_OBJC_ISA_USAGE = YES_ERROR;
				CLANG_WARN_DOCUMENTATION_COMMENTS = YES;
				CLANG_WARN_EMPTY_BODY = YES;
				CLANG_WARN_ENUM_CONVERSION = YES;
				CLANG_WARN_INFINITE_RECURSION = YES;
				CLANG_WARN_INT_CONVERSION = YES;
				CLANG_WARN_NON_LITERAL_NULL_CONVERSION = YES;
				CLANG_WARN_OBJC_IMPLICIT_RETAIN_SELF = YES;
				CLANG_WARN_OBJC_LITERAL_CONVERSION = YES;
				CLANG_WARN_OBJC_ROOT_CLASS = YES_ERROR;
				CLANG_WARN_RANGE_LOOP_ANALYSIS = YES;
				CLANG_WARN_STRICT_PROTOTYPES = YES;
				CLANG_WARN_SUSPICIOUS_MOVE = YES;
				CLANG_WARN_UNGUARDED_AVAILABILITY = YES_AGGRESSIVE;
				CLANG_WARN_UNREACHABLE_CODE = YES;
				CLANG_WARN__DUPLICATE_METHOD_MATCH = YES;
				COPY_PHASE_STRIP = NO;
				DEBUG_INFORMATION_FORMAT = dwarf;
				ENABLE_STRICT_OBJC_MSGSEND = YES;
				ENABLE_TESTABILITY = YES;
				GCC_C_LANGUAGE_STANDARD = gnu11;
				GCC_DYNAMIC_NO_PIC = NO;
				GCC_NO_COMMON_BLOCKS = YES;
				GCC_OPTIMIZATION_LEVEL = 0;
				GCC_PREPROCESSOR_DEFINITIONS = (
					"DEBUG=1",
					"$(inherited)",
				);
				GCC_WARN_64_TO_32_BIT_CONVERSION = YES;
				GCC_WARN_ABOUT_RETURN_TYPE = YES_ERROR;
				GCC_WARN_UNDECLARED_SELECTOR = YES;
				GCC_WARN_UNINITIALIZED_AUTOS = YES_AGGRESSIVE;
				GCC_WARN_UNUSED_FUNCTION = YES;
				GCC_WARN_UNUSED_VARIABLE = YES;
				IPHONEOS_DEPLOYMENT_TARGET = 13.5;
				MTL_ENABLE_DEBUG_INFO = INCLUDE_SOURCE;
				MTL_FAST_MATH = YES;
				ONLY_ACTIVE_ARCH = YES;
				SDKROOT = iphoneos;
				SWIFT_ACTIVE_COMPILATION_CONDITIONS = DEBUG;
				SWIFT_OPTIMIZATION_LEVEL = "-Onone";
			};
			name = Debug;
		};
		5CBEBF8624C71E0F00BA4F64 /* Release */ = {
			isa = XCBuildConfiguration;
			buildSettings = {
				ALWAYS_SEARCH_USER_PATHS = NO;
				CLANG_ANALYZER_NONNULL = YES;
				CLANG_ANALYZER_NUMBER_OBJECT_CONVERSION = YES_AGGRESSIVE;
				CLANG_CXX_LANGUAGE_STANDARD = "gnu++14";
				CLANG_CXX_LIBRARY = "libc++";
				CLANG_ENABLE_MODULES = YES;
				CLANG_ENABLE_OBJC_ARC = YES;
				CLANG_ENABLE_OBJC_WEAK = YES;
				CLANG_WARN_BLOCK_CAPTURE_AUTORELEASING = YES;
				CLANG_WARN_BOOL_CONVERSION = YES;
				CLANG_WARN_COMMA = YES;
				CLANG_WARN_CONSTANT_CONVERSION = YES;
				CLANG_WARN_DEPRECATED_OBJC_IMPLEMENTATIONS = YES;
				CLANG_WARN_DIRECT_OBJC_ISA_USAGE = YES_ERROR;
				CLANG_WARN_DOCUMENTATION_COMMENTS = YES;
				CLANG_WARN_EMPTY_BODY = YES;
				CLANG_WARN_ENUM_CONVERSION = YES;
				CLANG_WARN_INFINITE_RECURSION = YES;
				CLANG_WARN_INT_CONVERSION = YES;
				CLANG_WARN_NON_LITERAL_NULL_CONVERSION = YES;
				CLANG_WARN_OBJC_IMPLICIT_RETAIN_SELF = YES;
				CLANG_WARN_OBJC_LITERAL_CONVERSION = YES;
				CLANG_WARN_OBJC_ROOT_CLASS = YES_ERROR;
				CLANG_WARN_RANGE_LOOP_ANALYSIS = YES;
				CLANG_WARN_STRICT_PROTOTYPES = YES;
				CLANG_WARN_SUSPICIOUS_MOVE = YES;
				CLANG_WARN_UNGUARDED_AVAILABILITY = YES_AGGRESSIVE;
				CLANG_WARN_UNREACHABLE_CODE = YES;
				CLANG_WARN__DUPLICATE_METHOD_MATCH = YES;
				COPY_PHASE_STRIP = NO;
				DEBUG_INFORMATION_FORMAT = "dwarf-with-dsym";
				ENABLE_NS_ASSERTIONS = NO;
				ENABLE_STRICT_OBJC_MSGSEND = YES;
				GCC_C_LANGUAGE_STANDARD = gnu11;
				GCC_NO_COMMON_BLOCKS = YES;
				GCC_WARN_64_TO_32_BIT_CONVERSION = YES;
				GCC_WARN_ABOUT_RETURN_TYPE = YES_ERROR;
				GCC_WARN_UNDECLARED_SELECTOR = YES;
				GCC_WARN_UNINITIALIZED_AUTOS = YES_AGGRESSIVE;
				GCC_WARN_UNUSED_FUNCTION = YES;
				GCC_WARN_UNUSED_VARIABLE = YES;
				IPHONEOS_DEPLOYMENT_TARGET = 13.5;
				MTL_ENABLE_DEBUG_INFO = NO;
				MTL_FAST_MATH = YES;
				SDKROOT = iphoneos;
				SWIFT_COMPILATION_MODE = wholemodule;
				SWIFT_OPTIMIZATION_LEVEL = "-O";
				VALIDATE_PRODUCT = YES;
			};
			name = Release;
		};
		5CBEBF8824C71E0F00BA4F64 /* Debug */ = {
			isa = XCBuildConfiguration;
			baseConfigurationReference = 71B1314690F49A18FED84B8D /* Pods-yallaDealz.debug.xcconfig */;
			buildSettings = {
				ASSETCATALOG_COMPILER_APPICON_NAME = AppIcon;
				CODE_SIGN_STYLE = Automatic;
				DEVELOPMENT_ASSET_PATHS = "\"yallaDealz/Preview Content\"";
				DEVELOPMENT_TEAM = 4P4X5M92CT;
				ENABLE_PREVIEWS = YES;
				INFOPLIST_FILE = yallaDealz/Info.plist;
				LD_RUNPATH_SEARCH_PATHS = (
					"$(inherited)",
					"@executable_path/Frameworks",
				);
				PRODUCT_BUNDLE_IDENTIFIER = com.mostfa.yallaDealz;
				PRODUCT_NAME = "$(TARGET_NAME)";
				SWIFT_VERSION = 5.0;
				TARGETED_DEVICE_FAMILY = "1,2";
			};
			name = Debug;
		};
		5CBEBF8924C71E0F00BA4F64 /* Release */ = {
			isa = XCBuildConfiguration;
			baseConfigurationReference = 36D53497BF81E8B5B404133F /* Pods-yallaDealz.release.xcconfig */;
			buildSettings = {
				ASSETCATALOG_COMPILER_APPICON_NAME = AppIcon;
				CODE_SIGN_STYLE = Automatic;
				DEVELOPMENT_ASSET_PATHS = "\"yallaDealz/Preview Content\"";
				DEVELOPMENT_TEAM = 4P4X5M92CT;
				ENABLE_PREVIEWS = YES;
				INFOPLIST_FILE = yallaDealz/Info.plist;
				LD_RUNPATH_SEARCH_PATHS = (
					"$(inherited)",
					"@executable_path/Frameworks",
				);
				PRODUCT_BUNDLE_IDENTIFIER = com.mostfa.yallaDealz;
				PRODUCT_NAME = "$(TARGET_NAME)";
				SWIFT_VERSION = 5.0;
				TARGETED_DEVICE_FAMILY = "1,2";
			};
			name = Release;
		};
		5CBEBF8B24C71E0F00BA4F64 /* Debug */ = {
			isa = XCBuildConfiguration;
			baseConfigurationReference = 9D2026719FBB4FF8FD63380C /* Pods-yallaDealzTests.debug.xcconfig */;
			buildSettings = {
				ALWAYS_EMBED_SWIFT_STANDARD_LIBRARIES = YES;
				BUNDLE_LOADER = "$(TEST_HOST)";
				CODE_SIGN_STYLE = Automatic;
				DEVELOPMENT_TEAM = 4P4X5M92CT;
				INFOPLIST_FILE = yallaDealzTests/Info.plist;
				IPHONEOS_DEPLOYMENT_TARGET = 13.5;
				LD_RUNPATH_SEARCH_PATHS = (
					"$(inherited)",
					"@executable_path/Frameworks",
					"@loader_path/Frameworks",
				);
				PRODUCT_BUNDLE_IDENTIFIER = com.mostfa.yallaDealzTests;
				PRODUCT_NAME = "$(TARGET_NAME)";
				SWIFT_VERSION = 5.0;
				TARGETED_DEVICE_FAMILY = "1,2";
				TEST_HOST = "$(BUILT_PRODUCTS_DIR)/yallaDealz.app/yallaDealz";
			};
			name = Debug;
		};
		5CBEBF8C24C71E0F00BA4F64 /* Release */ = {
			isa = XCBuildConfiguration;
			baseConfigurationReference = 409A9D5F2B8B7076DB5796FF /* Pods-yallaDealzTests.release.xcconfig */;
			buildSettings = {
				ALWAYS_EMBED_SWIFT_STANDARD_LIBRARIES = YES;
				BUNDLE_LOADER = "$(TEST_HOST)";
				CODE_SIGN_STYLE = Automatic;
				DEVELOPMENT_TEAM = 4P4X5M92CT;
				INFOPLIST_FILE = yallaDealzTests/Info.plist;
				IPHONEOS_DEPLOYMENT_TARGET = 13.5;
				LD_RUNPATH_SEARCH_PATHS = (
					"$(inherited)",
					"@executable_path/Frameworks",
					"@loader_path/Frameworks",
				);
				PRODUCT_BUNDLE_IDENTIFIER = com.mostfa.yallaDealzTests;
				PRODUCT_NAME = "$(TARGET_NAME)";
				SWIFT_VERSION = 5.0;
				TARGETED_DEVICE_FAMILY = "1,2";
				TEST_HOST = "$(BUILT_PRODUCTS_DIR)/yallaDealz.app/yallaDealz";
			};
			name = Release;
		};
/* End XCBuildConfiguration section */

/* Begin XCConfigurationList section */
		5CBEBF6324C71E0D00BA4F64 /* Build configuration list for PBXProject "yallaDealz" */ = {
			isa = XCConfigurationList;
			buildConfigurations = (
				5CBEBF8524C71E0F00BA4F64 /* Debug */,
				5CBEBF8624C71E0F00BA4F64 /* Release */,
			);
			defaultConfigurationIsVisible = 0;
			defaultConfigurationName = Release;
		};
		5CBEBF8724C71E0F00BA4F64 /* Build configuration list for PBXNativeTarget "yallaDealz" */ = {
			isa = XCConfigurationList;
			buildConfigurations = (
				5CBEBF8824C71E0F00BA4F64 /* Debug */,
				5CBEBF8924C71E0F00BA4F64 /* Release */,
			);
			defaultConfigurationIsVisible = 0;
			defaultConfigurationName = Release;
		};
		5CBEBF8A24C71E0F00BA4F64 /* Build configuration list for PBXNativeTarget "yallaDealzTests" */ = {
			isa = XCConfigurationList;
			buildConfigurations = (
				5CBEBF8B24C71E0F00BA4F64 /* Debug */,
				5CBEBF8C24C71E0F00BA4F64 /* Release */,
			);
			defaultConfigurationIsVisible = 0;
			defaultConfigurationName = Release;
		};
/* End XCConfigurationList section */

/* Begin XCRemoteSwiftPackageReference section */
		5CBEBF9924C7307300BA4F64 /* XCRemoteSwiftPackageReference "url-image" */ = {
			isa = XCRemoteSwiftPackageReference;
			repositoryURL = "https://github.com/dmytro-anokhin/url-image.git";
			requirement = {
				branch = master;
				kind = branch;
			};
		};
/* End XCRemoteSwiftPackageReference section */

/* Begin XCSwiftPackageProductDependency section */
		5CBEBF9A24C7307300BA4F64 /* URLImage */ = {
			isa = XCSwiftPackageProductDependency;
			package = 5CBEBF9924C7307300BA4F64 /* XCRemoteSwiftPackageReference "url-image" */;
			productName = URLImage;
		};
/* End XCSwiftPackageProductDependency section */
	};
	rootObject = 5CBEBF6024C71E0D00BA4F64 /* Project object */;
}
